
Microsoft Visual Studio Solution File, Format Version 12.00
# Visual Studio Version 17
VisualStudioVersion = 17.11.35312.102
MinimumVisualStudioVersion = 10.0.40219.1
Project("{9A19103F-16F7-4668-BE54-9A1E7A4F7556}") = "InventoryShipmentManagementV2", "InventoryShipmentManagementV2.csproj", "{C7429B3B-4C72-4E8A-AC2D-CCD230E87B18}"
EndProject
Project("{FAE04EC0-301F-11D3-BF4B-00C04F79EFBC}") = "InventoryShipmentManagementV2.Test", "..\InventoryShipmentManagementV2.Test\InventoryShipmentManagementV2.Test.csproj", "{A09E8257-B961-4693-A451-E4ADFCE49BBE}"
EndProject
Global
	GlobalSection(SolutionConfigurationPlatforms) = preSolution
		Debug|Any CPU = Debug|Any CPU
		Release|Any CPU = Release|Any CPU
	EndGlobalSection
	GlobalSection(ProjectConfigurationPlatforms) = postSolution
		{C7429B3B-4C72-4E8A-AC2D-CCD230E87B18}.Debug|Any CPU.ActiveCfg = Debug|Any CPU
		{C7429B3B-4C72-4E8A-AC2D-CCD230E87B18}.Debug|Any CPU.Build.0 = Debug|Any CPU
		{C7429B3B-4C72-4E8A-AC2D-CCD230E87B18}.Release|Any CPU.ActiveCfg = Release|Any CPU
		{C7429B3B-4C72-4E8A-AC2D-CCD230E87B18}.Release|Any CPU.Build.0 = Release|Any CPU
		{A09E8257-B961-4693-A451-E4ADFCE49BBE}.Debug|Any CPU.ActiveCfg = Debug|Any CPU
		{A09E8257-B961-4693-A451-E4ADFCE49BBE}.Debug|Any CPU.Build.0 = Debug|Any CPU
		{A09E8257-B961-4693-A451-E4ADFCE49BBE}.Release|Any CPU.ActiveCfg = Release|Any CPU
		{A09E8257-B961-4693-A451-E4ADFCE49BBE}.Release|Any CPU.Build.0 = Release|Any CPU
	EndGlobalSection
	GlobalSection(SolutionProperties) = preSolution
		HideSolutionNode = FALSE
	EndGlobalSection
	GlobalSection(ExtensibilityGlobals) = postSolution
		SolutionGuid = {C5A06339-2026-4CB4-9281-E75321FEAF34}
	EndGlobalSection
EndGlobal
